// !$*UTF8*$!
{
	archiveVersion = 1;
	classes = {
	};
	objectVersion = 56;
	objects = {

/* Begin PBXBuildFile section */
		AE02E449290ADFEF00CCAE15 /* main.swift in Sources */ = {isa = PBXBuildFile; fileRef = AE02E448290ADFEF00CCAE15 /* main.swift */; };
		AE02E450290AE04C00CCAE15 /* 짝수와 홀수.swift in Sources */ = {isa = PBXBuildFile; fileRef = AE02E44F290AE04C00CCAE15 /* 짝수와 홀수.swift */; };
		AE02E452290AE24600CCAE15 /* 평균 구하기.swift in Sources */ = {isa = PBXBuildFile; fileRef = AE02E451290AE24600CCAE15 /* 평균 구하기.swift */; };
		AE02E454290AE33200CCAE15 /* 약수의 합.swift in Sources */ = {isa = PBXBuildFile; fileRef = AE02E453290AE33200CCAE15 /* 약수의 합.swift */; };
		AE02E466290D672C00CCAE15 /* 자릿수 더하기.swift in Sources */ = {isa = PBXBuildFile; fileRef = AE02E465290D672C00CCAE15 /* 자릿수 더하기.swift */; };
		AE02E468290D6A4D00CCAE15 /* 자연수 뒤집어 배열 만들기.swift in Sources */ = {isa = PBXBuildFile; fileRef = AE02E467290D6A4D00CCAE15 /* 자연수 뒤집어 배열 만들기.swift */; };
		AE02E46A290D6D4800CCAE15 /* 정수 제곱근 판별.swift in Sources */ = {isa = PBXBuildFile; fileRef = AE02E469290D6D4800CCAE15 /* 정수 제곱근 판별.swift */; };
		AE02E46C290D6F8400CCAE15 /* 문자열 내 p와 y의 갯수.swift in Sources */ = {isa = PBXBuildFile; fileRef = AE02E46B290D6F8400CCAE15 /* 문자열 내 p와 y의 갯수.swift */; };
		AE02E46E290D739D00CCAE15 /* 하샤드 수.swift in Sources */ = {isa = PBXBuildFile; fileRef = AE02E46D290D739D00CCAE15 /* 하샤드 수.swift */; };
/* End PBXBuildFile section */

/* Begin PBXCopyFilesBuildPhase section */
		AE02E443290ADFEF00CCAE15 /* CopyFiles */ = {
			isa = PBXCopyFilesBuildPhase;
			buildActionMask = 2147483647;
			dstPath = /usr/share/man/man1/;
			dstSubfolderSpec = 0;
			files = (
			);
			runOnlyForDeploymentPostprocessing = 1;
		};
/* End PBXCopyFilesBuildPhase section */

/* Begin PBXFileReference section */
		AE02E445290ADFEF00CCAE15 /* Algorithm */ = {isa = PBXFileReference; explicitFileType = "compiled.mach-o.executable"; includeInIndex = 0; path = Algorithm; sourceTree = BUILT_PRODUCTS_DIR; };
		AE02E448290ADFEF00CCAE15 /* main.swift */ = {isa = PBXFileReference; lastKnownFileType = sourcecode.swift; path = main.swift; sourceTree = "<group>"; };
		AE02E44F290AE04C00CCAE15 /* 짝수와 홀수.swift */ = {isa = PBXFileReference; lastKnownFileType = sourcecode.swift; path = "짝수와 홀수.swift"; sourceTree = "<group>"; };
		AE02E451290AE24600CCAE15 /* 평균 구하기.swift */ = {isa = PBXFileReference; lastKnownFileType = sourcecode.swift; path = "평균 구하기.swift"; sourceTree = "<group>"; };
		AE02E453290AE33200CCAE15 /* 약수의 합.swift */ = {isa = PBXFileReference; lastKnownFileType = sourcecode.swift; path = "약수의 합.swift"; sourceTree = "<group>"; };
		AE02E465290D672C00CCAE15 /* 자릿수 더하기.swift */ = {isa = PBXFileReference; lastKnownFileType = sourcecode.swift; path = "자릿수 더하기.swift"; sourceTree = "<group>"; };
		AE02E467290D6A4D00CCAE15 /* 자연수 뒤집어 배열 만들기.swift */ = {isa = PBXFileReference; lastKnownFileType = sourcecode.swift; path = "자연수 뒤집어 배열 만들기.swift"; sourceTree = "<group>"; };
		AE02E469290D6D4800CCAE15 /* 정수 제곱근 판별.swift */ = {isa = PBXFileReference; lastKnownFileType = sourcecode.swift; path = "정수 제곱근 판별.swift"; sourceTree = "<group>"; };
		AE02E46B290D6F8400CCAE15 /* 문자열 내 p와 y의 갯수.swift */ = {isa = PBXFileReference; lastKnownFileType = sourcecode.swift; path = "문자열 내 p와 y의 갯수.swift"; sourceTree = "<group>"; };
		AE02E46D290D739D00CCAE15 /* 하샤드 수.swift */ = {isa = PBXFileReference; lastKnownFileType = sourcecode.swift; path = "하샤드 수.swift"; sourceTree = "<group>"; };
/* End PBXFileReference section */

/* Begin PBXFrameworksBuildPhase section */
		AE02E442290ADFEF00CCAE15 /* Frameworks */ = {
			isa = PBXFrameworksBuildPhase;
			buildActionMask = 2147483647;
			files = (
			);
			runOnlyForDeploymentPostprocessing = 0;
		};
/* End PBXFrameworksBuildPhase section */

/* Begin PBXGroup section */
		AE02E43C290ADFEF00CCAE15 = {
			isa = PBXGroup;
			children = (
				AE02E447290ADFEF00CCAE15 /* Algorithm */,
				AE02E446290ADFEF00CCAE15 /* Products */,
			);
			sourceTree = "<group>";
		};
		AE02E446290ADFEF00CCAE15 /* Products */ = {
			isa = PBXGroup;
			children = (
				AE02E445290ADFEF00CCAE15 /* Algorithm */,
			);
			name = Products;
			sourceTree = "<group>";
		};
		AE02E447290ADFEF00CCAE15 /* Algorithm */ = {
			isa = PBXGroup;
			children = (
				AE02E448290ADFEF00CCAE15 /* main.swift */,
				AE02E44F290AE04C00CCAE15 /* 짝수와 홀수.swift */,
				AE02E451290AE24600CCAE15 /* 평균 구하기.swift */,
				AE02E453290AE33200CCAE15 /* 약수의 합.swift */,
				AE02E465290D672C00CCAE15 /* 자릿수 더하기.swift */,
				AE02E467290D6A4D00CCAE15 /* 자연수 뒤집어 배열 만들기.swift */,
				AE02E469290D6D4800CCAE15 /* 정수 제곱근 판별.swift */,
				AE02E46B290D6F8400CCAE15 /* 문자열 내 p와 y의 갯수.swift */,
				AE02E46D290D739D00CCAE15 /* 하샤드 수.swift */,
			);
			path = Algorithm;
			sourceTree = "<group>";
		};
/* End PBXGroup section */

/* Begin PBXNativeTarget section */
		AE02E444290ADFEF00CCAE15 /* Algorithm */ = {
			isa = PBXNativeTarget;
			buildConfigurationList = AE02E44C290ADFEF00CCAE15 /* Build configuration list for PBXNativeTarget "Algorithm" */;
			buildPhases = (
				AE02E441290ADFEF00CCAE15 /* Sources */,
				AE02E442290ADFEF00CCAE15 /* Frameworks */,
				AE02E443290ADFEF00CCAE15 /* CopyFiles */,
			);
			buildRules = (
			);
			dependencies = (
			);
			name = Algorithm;
			productName = Algorithm;
			productReference = AE02E445290ADFEF00CCAE15 /* Algorithm */;
			productType = "com.apple.product-type.tool";
		};
/* End PBXNativeTarget section */

/* Begin PBXProject section */
		AE02E43D290ADFEF00CCAE15 /* Project object */ = {
			isa = PBXProject;
			attributes = {
				BuildIndependentTargetsInParallel = 1;
				LastSwiftUpdateCheck = 1400;
				LastUpgradeCheck = 1400;
				TargetAttributes = {
					AE02E444290ADFEF00CCAE15 = {
						CreatedOnToolsVersion = 14.0.1;
					};
				};
			};
			buildConfigurationList = AE02E440290ADFEF00CCAE15 /* Build configuration list for PBXProject "Algorithm" */;
			compatibilityVersion = "Xcode 14.0";
			developmentRegion = en;
			hasScannedForEncodings = 0;
			knownRegions = (
				en,
				Base,
			);
			mainGroup = AE02E43C290ADFEF00CCAE15;
			productRefGroup = AE02E446290ADFEF00CCAE15 /* Products */;
			projectDirPath = "";
			projectRoot = "";
			targets = (
				AE02E444290ADFEF00CCAE15 /* Algorithm */,
			);
		};
/* End PBXProject section */

/* Begin PBXSourcesBuildPhase section */
		AE02E441290ADFEF00CCAE15 /* Sources */ = {
			isa = PBXSourcesBuildPhase;
			buildActionMask = 2147483647;
			files = (
				AE02E449290ADFEF00CCAE15 /* main.swift in Sources */,
				AE02E466290D672C00CCAE15 /* 자릿수 더하기.swift in Sources */,
				AE02E452290AE24600CCAE15 /* 평균 구하기.swift in Sources */,
				AE02E46C290D6F8400CCAE15 /* 문자열 내 p와 y의 갯수.swift in Sources */,
				AE02E450290AE04C00CCAE15 /* 짝수와 홀수.swift in Sources */,
				AE02E454290AE33200CCAE15 /* 약수의 합.swift in Sources */,
				AE02E468290D6A4D00CCAE15 /* 자연수 뒤집어 배열 만들기.swift in Sources */,
				AE02E46E290D739D00CCAE15 /* 하샤드 수.swift in Sources */,
				AE02E46A290D6D4800CCAE15 /* 정수 제곱근 판별.swift in Sources */,
			);
			runOnlyForDeploymentPostprocessing = 0;
		};
/* End PBXSourcesBuildPhase section */

/* Begin XCBuildConfiguration section */
		AE02E44A290ADFEF00CCAE15 /* Debug */ = {
			isa = XCBuildConfiguration;
			buildSettings = {
				ALWAYS_SEARCH_USER_PATHS = NO;
				CLANG_ANALYZER_NONNULL = YES;
				CLANG_ANALYZER_NUMBER_OBJECT_CONVERSION = YES_AGGRESSIVE;
				CLANG_CXX_LANGUAGE_STANDARD = "gnu++20";
				CLANG_ENABLE_MODULES = YES;
				CLANG_ENABLE_OBJC_ARC = YES;
				CLANG_ENABLE_OBJC_WEAK = YES;
				CLANG_WARN_BLOCK_CAPTURE_AUTORELEASING = YES;
				CLANG_WARN_BOOL_CONVERSION = YES;
				CLANG_WARN_COMMA = YES;
				CLANG_WARN_CONSTANT_CONVERSION = YES;
				CLANG_WARN_DEPRECATED_OBJC_IMPLEMENTATIONS = YES;
				CLANG_WARN_DIRECT_OBJC_ISA_USAGE = YES_ERROR;
				CLANG_WARN_DOCUMENTATION_COMMENTS = YES;
				CLANG_WARN_EMPTY_BODY = YES;
				CLANG_WARN_ENUM_CONVERSION = YES;
				CLANG_WARN_INFINITE_RECURSION = YES;
				CLANG_WARN_INT_CONVERSION = YES;
				CLANG_WARN_NON_LITERAL_NULL_CONVERSION = YES;
				CLANG_WARN_OBJC_IMPLICIT_RETAIN_SELF = YES;
				CLANG_WARN_OBJC_LITERAL_CONVERSION = YES;
				CLANG_WARN_OBJC_ROOT_CLASS = YES_ERROR;
				CLANG_WARN_QUOTED_INCLUDE_IN_FRAMEWORK_HEADER = YES;
				CLANG_WARN_RANGE_LOOP_ANALYSIS = YES;
				CLANG_WARN_STRICT_PROTOTYPES = YES;
				CLANG_WARN_SUSPICIOUS_MOVE = YES;
				CLANG_WARN_UNGUARDED_AVAILABILITY = YES_AGGRESSIVE;
				CLANG_WARN_UNREACHABLE_CODE = YES;
				CLANG_WARN__DUPLICATE_METHOD_MATCH = YES;
				COPY_PHASE_STRIP = NO;
				DEBUG_INFORMATION_FORMAT = dwarf;
				ENABLE_STRICT_OBJC_MSGSEND = YES;
				ENABLE_TESTABILITY = YES;
				GCC_C_LANGUAGE_STANDARD = gnu11;
				GCC_DYNAMIC_NO_PIC = NO;
				GCC_NO_COMMON_BLOCKS = YES;
				GCC_OPTIMIZATION_LEVEL = 0;
				GCC_PREPROCESSOR_DEFINITIONS = (
					"DEBUG=1",
					"$(inherited)",
				);
				GCC_WARN_64_TO_32_BIT_CONVERSION = YES;
				GCC_WARN_ABOUT_RETURN_TYPE = YES_ERROR;
				GCC_WARN_UNDECLARED_SELECTOR = YES;
				GCC_WARN_UNINITIALIZED_AUTOS = YES_AGGRESSIVE;
				GCC_WARN_UNUSED_FUNCTION = YES;
				GCC_WARN_UNUSED_VARIABLE = YES;
				MACOSX_DEPLOYMENT_TARGET = 12.3;
				MTL_ENABLE_DEBUG_INFO = INCLUDE_SOURCE;
				MTL_FAST_MATH = YES;
				ONLY_ACTIVE_ARCH = YES;
				SDKROOT = macosx;
				SWIFT_ACTIVE_COMPILATION_CONDITIONS = DEBUG;
				SWIFT_OPTIMIZATION_LEVEL = "-Onone";
			};
			name = Debug;
		};
		AE02E44B290ADFEF00CCAE15 /* Release */ = {
			isa = XCBuildConfiguration;
			buildSettings = {
				ALWAYS_SEARCH_USER_PATHS = NO;
				CLANG_ANALYZER_NONNULL = YES;
				CLANG_ANALYZER_NUMBER_OBJECT_CONVERSION = YES_AGGRESSIVE;
				CLANG_CXX_LANGUAGE_STANDARD = "gnu++20";
				CLANG_ENABLE_MODULES = YES;
				CLANG_ENABLE_OBJC_ARC = YES;
				CLANG_ENABLE_OBJC_WEAK = YES;
				CLANG_WARN_BLOCK_CAPTURE_AUTORELEASING = YES;
				CLANG_WARN_BOOL_CONVERSION = YES;
				CLANG_WARN_COMMA = YES;
				CLANG_WARN_CONSTANT_CONVERSION = YES;
				CLANG_WARN_DEPRECATED_OBJC_IMPLEMENTATIONS = YES;
				CLANG_WARN_DIRECT_OBJC_ISA_USAGE = YES_ERROR;
				CLANG_WARN_DOCUMENTATION_COMMENTS = YES;
				CLANG_WARN_EMPTY_BODY = YES;
				CLANG_WARN_ENUM_CONVERSION = YES;
				CLANG_WARN_INFINITE_RECURSION = YES;
				CLANG_WARN_INT_CONVERSION = YES;
				CLANG_WARN_NON_LITERAL_NULL_CONVERSION = YES;
				CLANG_WARN_OBJC_IMPLICIT_RETAIN_SELF = YES;
				CLANG_WARN_OBJC_LITERAL_CONVERSION = YES;
				CLANG_WARN_OBJC_ROOT_CLASS = YES_ERROR;
				CLANG_WARN_QUOTED_INCLUDE_IN_FRAMEWORK_HEADER = YES;
				CLANG_WARN_RANGE_LOOP_ANALYSIS = YES;
				CLANG_WARN_STRICT_PROTOTYPES = YES;
				CLANG_WARN_SUSPICIOUS_MOVE = YES;
				CLANG_WARN_UNGUARDED_AVAILABILITY = YES_AGGRESSIVE;
				CLANG_WARN_UNREACHABLE_CODE = YES;
				CLANG_WARN__DUPLICATE_METHOD_MATCH = YES;
				COPY_PHASE_STRIP = NO;
				DEBUG_INFORMATION_FORMAT = "dwarf-with-dsym";
				ENABLE_NS_ASSERTIONS = NO;
				ENABLE_STRICT_OBJC_MSGSEND = YES;
				GCC_C_LANGUAGE_STANDARD = gnu11;
				GCC_NO_COMMON_BLOCKS = YES;
				GCC_WARN_64_TO_32_BIT_CONVERSION = YES;
				GCC_WARN_ABOUT_RETURN_TYPE = YES_ERROR;
				GCC_WARN_UNDECLARED_SELECTOR = YES;
				GCC_WARN_UNINITIALIZED_AUTOS = YES_AGGRESSIVE;
				GCC_WARN_UNUSED_FUNCTION = YES;
				GCC_WARN_UNUSED_VARIABLE = YES;
				MACOSX_DEPLOYMENT_TARGET = 12.3;
				MTL_ENABLE_DEBUG_INFO = NO;
				MTL_FAST_MATH = YES;
				SDKROOT = macosx;
				SWIFT_COMPILATION_MODE = wholemodule;
				SWIFT_OPTIMIZATION_LEVEL = "-O";
			};
			name = Release;
		};
		AE02E44D290ADFEF00CCAE15 /* Debug */ = {
			isa = XCBuildConfiguration;
			buildSettings = {
				CODE_SIGN_STYLE = Automatic;
				DEVELOPMENT_TEAM = 7HN73WS8Q5;
				ENABLE_HARDENED_RUNTIME = YES;
				PRODUCT_NAME = "$(TARGET_NAME)";
				SWIFT_VERSION = 5.0;
			};
			name = Debug;
		};
		AE02E44E290ADFEF00CCAE15 /* Release */ = {
			isa = XCBuildConfiguration;
			buildSettings = {
				CODE_SIGN_STYLE = Automatic;
				DEVELOPMENT_TEAM = 7HN73WS8Q5;
				ENABLE_HARDENED_RUNTIME = YES;
				PRODUCT_NAME = "$(TARGET_NAME)";
				SWIFT_VERSION = 5.0;
			};
			name = Release;
		};
/* End XCBuildConfiguration section */

/* Begin XCConfigurationList section */
		AE02E440290ADFEF00CCAE15 /* Build configuration list for PBXProject "Algorithm" */ = {
			isa = XCConfigurationList;
			buildConfigurations = (
				AE02E44A290ADFEF00CCAE15 /* Debug */,
				AE02E44B290ADFEF00CCAE15 /* Release */,
			);
			defaultConfigurationIsVisible = 0;
			defaultConfigurationName = Release;
		};
		AE02E44C290ADFEF00CCAE15 /* Build configuration list for PBXNativeTarget "Algorithm" */ = {
			isa = XCConfigurationList;
			buildConfigurations = (
				AE02E44D290ADFEF00CCAE15 /* Debug */,
				AE02E44E290ADFEF00CCAE15 /* Release */,
			);
			defaultConfigurationIsVisible = 0;
			defaultConfigurationName = Release;
		};
/* End XCConfigurationList section */
	};
	rootObject = AE02E43D290ADFEF00CCAE15 /* Project object */;
}
